
Microsoft Visual Studio Solution File, Format Version 12.00
# Visual Studio 15
VisualStudioVersion = 15.0.27004.2010
MinimumVisualStudioVersion = 10.0.40219.1
Project("{FAE04EC0-301F-11D3-BF4B-00C04F79EFBC}") = "01_GameOfLife", "ACC_17\01_GameOfLife\01_GameOfLife.csproj", "{BCCD5C58-CF64-48EC-8E3F-623D032C6CFA}"
EndProject
Project("{FAE04EC0-301F-11D3-BF4B-00C04F79EFBC}") = "01_GameOfLifeTests", "ACC_17_Tests\01_GameOfLifeTests\01_GameOfLifeTests.csproj", "{C9C7558E-3169-4802-A7E2-58F09E3155FB}"
EndProject
Global
	GlobalSection(SolutionConfigurationPlatforms) = preSolution
		Debug|Any CPU = Debug|Any CPU
		Release|Any CPU = Release|Any CPU
	EndGlobalSection
	GlobalSection(ProjectConfigurationPlatforms) = postSolution
		{BCCD5C58-CF64-48EC-8E3F-623D032C6CFA}.Debug|Any CPU.ActiveCfg = Debug|Any CPU
		{BCCD5C58-CF64-48EC-8E3F-623D032C6CFA}.Debug|Any CPU.Build.0 = Debug|Any CPU
		{BCCD5C58-CF64-48EC-8E3F-623D032C6CFA}.Release|Any CPU.ActiveCfg = Release|Any CPU
		{BCCD5C58-CF64-48EC-8E3F-623D032C6CFA}.Release|Any CPU.Build.0 = Release|Any CPU
		{C9C7558E-3169-4802-A7E2-58F09E3155FB}.Debug|Any CPU.ActiveCfg = Debug|Any CPU
		{C9C7558E-3169-4802-A7E2-58F09E3155FB}.Debug|Any CPU.Build.0 = Debug|Any CPU
		{C9C7558E-3169-4802-A7E2-58F09E3155FB}.Release|Any CPU.ActiveCfg = Release|Any CPU
		{C9C7558E-3169-4802-A7E2-58F09E3155FB}.Release|Any CPU.Build.0 = Release|Any CPU
	EndGlobalSection
	GlobalSection(SolutionProperties) = preSolution
		HideSolutionNode = FALSE
	EndGlobalSection
	GlobalSection(ExtensibilityGlobals) = postSolution
		SolutionGuid = {4AEC57CB-91DA-4D8F-B931-631391965717}
	EndGlobalSection
EndGlobal
